
Microsoft Visual Studio Solution File, Format Version 12.00
# Visual Studio Version 17
VisualStudioVersion = 17.3.32929.385
MinimumVisualStudioVersion = 10.0.40219.1
Project("{FAE04EC0-301F-11D3-BF4B-00C04F79EFBC}") = "ConsoleApp5", "ConsoleApp5\ConsoleApp5.csproj", "{1EEBB9DB-15D2-497F-AA7D-4A7E70F3F01E}"
EndProject
Global
	GlobalSection(SolutionConfigurationPlatforms) = preSolution
		Debug|Any CPU = Debug|Any CPU
		Release|Any CPU = Release|Any CPU
	EndGlobalSection
	GlobalSection(ProjectConfigurationPlatforms) = postSolution
		{1EEBB9DB-15D2-497F-AA7D-4A7E70F3F01E}.Debug|Any CPU.ActiveCfg = Debug|Any CPU
		{1EEBB9DB-15D2-497F-AA7D-4A7E70F3F01E}.Debug|Any CPU.Build.0 = Debug|Any CPU
		{1EEBB9DB-15D2-497F-AA7D-4A7E70F3F01E}.Release|Any CPU.ActiveCfg = Release|Any CPU
		{1EEBB9DB-15D2-497F-AA7D-4A7E70F3F01E}.Release|Any CPU.Build.0 = Release|Any CPU
	EndGlobalSection
	GlobalSection(SolutionProperties) = preSolution
		HideSolutionNode = FALSE
	EndGlobalSection
	GlobalSection(ExtensibilityGlobals) = postSolution
		SolutionGuid = {D148C2E4-66A1-441C-AB34-22FE27ACC3F7}
	EndGlobalSection
EndGlobal
